
Microsoft Visual Studio Solution File, Format Version 12.00
# Visual Studio Version 16
VisualStudioVersion = 16.0.29318.209
MinimumVisualStudioVersion = 10.0.40219.1
Project("{9A19103F-16F7-4668-BE54-9A1E7A4F7556}") = "OfficeRibbonXEditor", "src\OfficeRibbonXEditor\OfficeRibbonXEditor.csproj", "{A2A7BCC6-735E-4424-93A4-4EA5255E01FC}"
EndProject
Project("{2150E333-8FDC-42A3-9474-1A3956D46DE8}") = "Solution Items", "Solution Items", "{62BC0A54-36D3-47DD-8A1B-44AE03DDB305}"
	ProjectSection(SolutionItems) = preProject
		.editorconfig = .editorconfig
		azure-pipelines.yml = azure-pipelines.yml
		CONTRIBUTING.md = CONTRIBUTING.md
		LICENSE = LICENSE
		README.md = README.md
		THIRD-PARTY-NOTICES = THIRD-PARTY-NOTICES
	EndProjectSection
EndProject
Project("{2150E333-8FDC-42A3-9474-1A3956D46DE8}") = "src", "src", "{017FBD33-4473-4DD2-ADEA-CAA00B695055}"
EndProject
Project("{930C7802-8A8C-48F9-8165-68863BCCD9DD}") = "Installer", "src\Installer\Installer.wixproj", "{414E2267-764A-4E61-AA5E-F25F407DFAFD}"
EndProject
Project("{9A19103F-16F7-4668-BE54-9A1E7A4F7556}") = "ScintillaNET.WPF", "src\ScintillaNET.WPF\ScintillaNET.WPF.csproj", "{BD57B012-822B-4C74-95B8-8254B320CAF3}"
EndProject
Project("{2150E333-8FDC-42A3-9474-1A3956D46DE8}") = "build", "build", "{D8B42177-9C73-48C9-971E-1D435353FF17}"
	ProjectSection(SolutionItems) = preProject
		build\CopyLibraries.ps1 = build\CopyLibraries.ps1
		build\PreBuild.ps1 = build\PreBuild.ps1
	EndProjectSection
EndProject
Project("{2150E333-8FDC-42A3-9474-1A3956D46DE8}") = "docs", "docs", "{46AC6013-D81B-4D5F-ADE8-79F429782266}"
	ProjectSection(SolutionItems) = preProject
		docs\Screenshot.png = docs\Screenshot.png
	EndProjectSection
EndProject
Project("{2150E333-8FDC-42A3-9474-1A3956D46DE8}") = "tests", "tests", "{5FB6177B-63FD-4817-A7ED-D1FA2D6EBEAF}"
EndProject
Project("{9A19103F-16F7-4668-BE54-9A1E7A4F7556}") = "UnitTests", "tests\UnitTests\UnitTests.csproj", "{D1A56613-DC3E-4DF9-A560-6456CDF89378}"
EndProject
Project("{9A19103F-16F7-4668-BE54-9A1E7A4F7556}") = "IntegrationTests", "tests\IntegrationTests\IntegrationTests.csproj", "{240C0BA9-5B29-430F-9325-2C0D74A1ED35}"
EndProject
Project("{9A19103F-16F7-4668-BE54-9A1E7A4F7556}") = "FunctionalTests", "tests\FunctionalTests\FunctionalTests.csproj", "{8E404929-0EA1-41BF-AA5F-5CD75B1EE4FC}"
EndProject
Project("{2150E333-8FDC-42A3-9474-1A3956D46DE8}") = "templates", "templates", "{C346825D-3DC7-4AF6-A415-BFEB2E6465AB}"
	ProjectSection(SolutionItems) = preProject
		build\templates\copy-and-publish.yml = build\templates\copy-and-publish.yml
		build\templates\sign-and-publish.yml = build\templates\sign-and-publish.yml
	EndProjectSection
EndProject
Project("{9A19103F-16F7-4668-BE54-9A1E7A4F7556}") = "UITests", "tests\UITests\UITests.csproj", "{BA0E6FC1-EE48-42AB-AF21-0349EC51FE52}"
EndProject
Project("{2150E333-8FDC-42A3-9474-1A3956D46DE8}") = "sign", "sign", "{F74BE762-F575-4011-A85E-725CDC28D2AE}"
	ProjectSection(SolutionItems) = preProject
		build\sign\github-release-sign.ps1 = build\sign\github-release-sign.ps1
		build\sign\remote-sign.ps1 = build\sign\remote-sign.ps1
		build\sign\sign.bat = build\sign\sign.bat
		build\sign\sign.ps1 = build\sign\sign.ps1
	EndProjectSection
EndProject
Global
	GlobalSection(SolutionConfigurationPlatforms) = preSolution
		Debug|Any CPU = Debug|Any CPU
		Debug|x86 = Debug|x86
		Release|Any CPU = Release|Any CPU
		Release|x86 = Release|x86
	EndGlobalSection
	GlobalSection(ProjectConfigurationPlatforms) = postSolution
		{A2A7BCC6-735E-4424-93A4-4EA5255E01FC}.Debug|Any CPU.ActiveCfg = Debug|Any CPU
		{A2A7BCC6-735E-4424-93A4-4EA5255E01FC}.Debug|Any CPU.Build.0 = Debug|Any CPU
		{A2A7BCC6-735E-4424-93A4-4EA5255E01FC}.Debug|x86.ActiveCfg = Debug|Any CPU
		{A2A7BCC6-735E-4424-93A4-4EA5255E01FC}.Debug|x86.Build.0 = Debug|Any CPU
		{A2A7BCC6-735E-4424-93A4-4EA5255E01FC}.Release|Any CPU.ActiveCfg = Release|Any CPU
		{A2A7BCC6-735E-4424-93A4-4EA5255E01FC}.Release|Any CPU.Build.0 = Release|Any CPU
		{A2A7BCC6-735E-4424-93A4-4EA5255E01FC}.Release|x86.ActiveCfg = Release|Any CPU
		{A2A7BCC6-735E-4424-93A4-4EA5255E01FC}.Release|x86.Build.0 = Release|Any CPU
		{414E2267-764A-4E61-AA5E-F25F407DFAFD}.Debug|Any CPU.ActiveCfg = Debug|x86
		{414E2267-764A-4E61-AA5E-F25F407DFAFD}.Debug|x86.ActiveCfg = Debug|x86
		{414E2267-764A-4E61-AA5E-F25F407DFAFD}.Debug|x86.Build.0 = Debug|x86
		{414E2267-764A-4E61-AA5E-F25F407DFAFD}.Release|Any CPU.ActiveCfg = Release|x86
		{414E2267-764A-4E61-AA5E-F25F407DFAFD}.Release|Any CPU.Build.0 = Release|x86
		{414E2267-764A-4E61-AA5E-F25F407DFAFD}.Release|x86.ActiveCfg = Release|x86
		{414E2267-764A-4E61-AA5E-F25F407DFAFD}.Release|x86.Build.0 = Release|x86
		{BD57B012-822B-4C74-95B8-8254B320CAF3}.Debug|Any CPU.ActiveCfg = Debug|Any CPU
		{BD57B012-822B-4C74-95B8-8254B320CAF3}.Debug|Any CPU.Build.0 = Debug|Any CPU
		{BD57B012-822B-4C74-95B8-8254B320CAF3}.Debug|x86.ActiveCfg = Debug|Any CPU
		{BD57B012-822B-4C74-95B8-8254B320CAF3}.Debug|x86.Build.0 = Debug|Any CPU
		{BD57B012-822B-4C74-95B8-8254B320CAF3}.Release|Any CPU.ActiveCfg = Release|Any CPU
		{BD57B012-822B-4C74-95B8-8254B320CAF3}.Release|Any CPU.Build.0 = Release|Any CPU
		{BD57B012-822B-4C74-95B8-8254B320CAF3}.Release|x86.ActiveCfg = Release|Any CPU
		{BD57B012-822B-4C74-95B8-8254B320CAF3}.Release|x86.Build.0 = Release|Any CPU
		{D1A56613-DC3E-4DF9-A560-6456CDF89378}.Debug|Any CPU.ActiveCfg = Debug|Any CPU
		{D1A56613-DC3E-4DF9-A560-6456CDF89378}.Debug|Any CPU.Build.0 = Debug|Any CPU
		{D1A56613-DC3E-4DF9-A560-6456CDF89378}.Debug|x86.ActiveCfg = Debug|Any CPU
		{D1A56613-DC3E-4DF9-A560-6456CDF89378}.Debug|x86.Build.0 = Debug|Any CPU
		{D1A56613-DC3E-4DF9-A560-6456CDF89378}.Release|Any CPU.ActiveCfg = Release|Any CPU
		{D1A56613-DC3E-4DF9-A560-6456CDF89378}.Release|Any CPU.Build.0 = Release|Any CPU
		{D1A56613-DC3E-4DF9-A560-6456CDF89378}.Release|x86.ActiveCfg = Release|Any CPU
		{D1A56613-DC3E-4DF9-A560-6456CDF89378}.Release|x86.Build.0 = Release|Any CPU
		{240C0BA9-5B29-430F-9325-2C0D74A1ED35}.Debug|Any CPU.ActiveCfg = Debug|Any CPU
		{240C0BA9-5B29-430F-9325-2C0D74A1ED35}.Debug|Any CPU.Build.0 = Debug|Any CPU
		{240C0BA9-5B29-430F-9325-2C0D74A1ED35}.Debug|x86.ActiveCfg = Debug|Any CPU
		{240C0BA9-5B29-430F-9325-2C0D74A1ED35}.Debug|x86.Build.0 = Debug|Any CPU
		{240C0BA9-5B29-430F-9325-2C0D74A1ED35}.Release|Any CPU.ActiveCfg = Release|Any CPU
		{240C0BA9-5B29-430F-9325-2C0D74A1ED35}.Release|Any CPU.Build.0 = Release|Any CPU
		{240C0BA9-5B29-430F-9325-2C0D74A1ED35}.Release|x86.ActiveCfg = Release|Any CPU
		{240C0BA9-5B29-430F-9325-2C0D74A1ED35}.Release|x86.Build.0 = Release|Any CPU
		{8E404929-0EA1-41BF-AA5F-5CD75B1EE4FC}.Debug|Any CPU.ActiveCfg = Debug|Any CPU
		{8E404929-0EA1-41BF-AA5F-5CD75B1EE4FC}.Debug|Any CPU.Build.0 = Debug|Any CPU
		{8E404929-0EA1-41BF-AA5F-5CD75B1EE4FC}.Debug|x86.ActiveCfg = Debug|Any CPU
		{8E404929-0EA1-41BF-AA5F-5CD75B1EE4FC}.Debug|x86.Build.0 = Debug|Any CPU
		{8E404929-0EA1-41BF-AA5F-5CD75B1EE4FC}.Release|Any CPU.ActiveCfg = Release|Any CPU
		{8E404929-0EA1-41BF-AA5F-5CD75B1EE4FC}.Release|Any CPU.Build.0 = Release|Any CPU
		{8E404929-0EA1-41BF-AA5F-5CD75B1EE4FC}.Release|x86.ActiveCfg = Release|Any CPU
		{8E404929-0EA1-41BF-AA5F-5CD75B1EE4FC}.Release|x86.Build.0 = Release|Any CPU
		{BA0E6FC1-EE48-42AB-AF21-0349EC51FE52}.Debug|Any CPU.ActiveCfg = Debug|Any CPU
		{BA0E6FC1-EE48-42AB-AF21-0349EC51FE52}.Debug|Any CPU.Build.0 = Debug|Any CPU
		{BA0E6FC1-EE48-42AB-AF21-0349EC51FE52}.Debug|x86.ActiveCfg = Debug|Any CPU
		{BA0E6FC1-EE48-42AB-AF21-0349EC51FE52}.Debug|x86.Build.0 = Debug|Any CPU
		{BA0E6FC1-EE48-42AB-AF21-0349EC51FE52}.Release|Any CPU.ActiveCfg = Release|Any CPU
		{BA0E6FC1-EE48-42AB-AF21-0349EC51FE52}.Release|Any CPU.Build.0 = Release|Any CPU
		{BA0E6FC1-EE48-42AB-AF21-0349EC51FE52}.Release|x86.ActiveCfg = Release|Any CPU
		{BA0E6FC1-EE48-42AB-AF21-0349EC51FE52}.Release|x86.Build.0 = Release|Any CPU
	EndGlobalSection
	GlobalSection(SolutionProperties) = preSolution
		HideSolutionNode = FALSE
	EndGlobalSection
	GlobalSection(NestedProjects) = preSolution
		{A2A7BCC6-735E-4424-93A4-4EA5255E01FC} = {017FBD33-4473-4DD2-ADEA-CAA00B695055}
		{414E2267-764A-4E61-AA5E-F25F407DFAFD} = {017FBD33-4473-4DD2-ADEA-CAA00B695055}
		{BD57B012-822B-4C74-95B8-8254B320CAF3} = {017FBD33-4473-4DD2-ADEA-CAA00B695055}
		{D1A56613-DC3E-4DF9-A560-6456CDF89378} = {5FB6177B-63FD-4817-A7ED-D1FA2D6EBEAF}
		{240C0BA9-5B29-430F-9325-2C0D74A1ED35} = {5FB6177B-63FD-4817-A7ED-D1FA2D6EBEAF}
		{8E404929-0EA1-41BF-AA5F-5CD75B1EE4FC} = {5FB6177B-63FD-4817-A7ED-D1FA2D6EBEAF}
		{C346825D-3DC7-4AF6-A415-BFEB2E6465AB} = {D8B42177-9C73-48C9-971E-1D435353FF17}
		{BA0E6FC1-EE48-42AB-AF21-0349EC51FE52} = {5FB6177B-63FD-4817-A7ED-D1FA2D6EBEAF}
		{F74BE762-F575-4011-A85E-725CDC28D2AE} = {D8B42177-9C73-48C9-971E-1D435353FF17}
	EndGlobalSection
	GlobalSection(ExtensibilityGlobals) = postSolution
		SolutionGuid = {8E5E4631-F9D6-43A1-B677-FD1B0C599606}
	EndGlobalSection
EndGlobal
