{
  "version": 1,
  "dependencies": {
    ".NETFramework,Version=v4.6.1": {
      "AsyncAwaitBestPractices.MVVM": {
        "type": "Direct",
        "requested": "[5.0.2, )",
        "resolved": "5.0.2",
        "contentHash": "ehFON0Pk/9qrLp41dWv2CiefbOxyQxtTkpRSkd5SMvEBryW6ET6wRMz0ZVmjdgq/wBFiithGWmoFtNIpcQxq+w==",
        "dependencies": {
          "AsyncAwaitBestPractices": "5.0.2"
        }
      },
      "Autofac": {
        "type": "Direct",
        "requested": "[6.0.0, )",
        "resolved": "6.0.0",
        "contentHash": "tRVRXGxwXbQmPy1ZGso115O55ffVW4mWtufjOy7hduQ1BNVR1j7RQQjxpYuB6tJw5OrgqRWYVJLJ8RwYNz/j+A==",
        "dependencies": {
          "Microsoft.Bcl.AsyncInterfaces": "1.1.0",
          "System.Diagnostics.DiagnosticSource": "4.7.1"
        }
      },
      "CommonServiceLocator": {
        "type": "Direct",
        "requested": "[2.0.5, )",
        "resolved": "2.0.5",
        "contentHash": "Md2q9f6hAuUAm6IWTybQbYvxhDAs2dqmsudVDghpg0Q+C0M2KkmiTDjeGx1PsYhnZPvp+hy1Cx99v0VPW9W6/g=="
      },
      "Dragablz": {
        "type": "Direct",
        "requested": "[0.0.3.223, )",
        "resolved": "0.0.3.223",
        "contentHash": "nSDrLkQniVmvCvg4JlbtMYBD3UtHbJkX64vJ701TZT+IfOqfEA7cQU5da5NqACY9GuwK7R6VbtPp4WGZK1uTaQ=="
      },
      "Extended.Wpf.Toolkit": {
        "type": "Direct",
        "requested": "[4.0.1, )",
        "resolved": "4.0.1",
        "contentHash": "K8BoXvwokEJTiVkOH4L8FGeWaT0TptzgXJsFI/FlfPA1TSzhgNcrHJtxDFecAYwHNU3wnUjSGZ/YMq5gR5TGag=="
      },
      "fernandreu.ScintillaNET.WPF": {
        "type": "Direct",
        "requested": "[3.0.2, )",
        "resolved": "3.0.2",
        "contentHash": "L9eqTkAm98qZYyB7+mVEdFeJnii7jwaC8fu8C5Tpx3pQ5kfvuESzWJLFsMc4mPNi6amkjon90xmR2cRql6xD5g==",
        "dependencies": {
          "fernandreu.ScintillaNET": "4.0.4"
        }
      },
      "log4net": {
        "type": "Direct",
        "requested": "[2.0.12, )",
        "resolved": "2.0.12",
        "contentHash": "9P67BCftJ7KG+B7rNOM1A9KczUwyEDed6zbAddy5Cj/73xVkzi+rEAHeOgUnW5wDqy1JFlY8+oTP0m1PgJ03Tg=="
      },
      "Microsoft.CodeAnalysis.FxCopAnalyzers": {
        "type": "Direct",
        "requested": "[3.3.1, )",
        "resolved": "3.3.1",
        "contentHash": "O6L7wOD6dmytWZr4ulw6wLYk8QmsO/TlBHyWOB2OQKnUm31JGOXEncJjVm8Fw24BDzP22wfsleWFidiNU/DIsA==",
        "dependencies": {
          "Microsoft.CodeAnalysis.VersionCheckAnalyzer": "[3.3.1]",
          "Microsoft.CodeQuality.Analyzers": "[3.3.1]",
          "Microsoft.NetCore.Analyzers": "[3.3.1]",
          "Microsoft.NetFramework.Analyzers": "[3.3.1]"
        }
      },
      "MvvmLightLibs": {
        "type": "Direct",
        "requested": "[5.4.1.1, )",
        "resolved": "5.4.1.1",
        "contentHash": "xYpVzOYnIz/M6T0pdc3w5t0vrt2ZKspSS+CZjQ+pZE+5yHv9qXSWkncHJXb6D7Egstalso4ivnIUkA1xEClViw==",
        "dependencies": {
          "CommonServiceLocator": "2.0.2"
        }
      },
      "System.Resources.Extensions": {
        "type": "Direct",
        "requested": "[5.0.0, )",
        "resolved": "5.0.0",
        "contentHash": "KBiqY/+W6hWVwucHBHO76JkgBGyawlxCcP946MhK8dNjalaBgZkyHaux8ko58PENTqQHHjoDa7cfIkAchfJPPA==",
        "dependencies": {
          "System.Memory": "4.5.4"
        }
      },
      "System.Windows.Interactivity.WPF": {
        "type": "Direct",
        "requested": "[2.0.20525, )",
        "resolved": "2.0.20525",
        "contentHash": "0r+Le4E7hCm4zToUvBzjSUyTcuU3rFeoPa7JyTdWIzR/F7wH6+O/pWkjHIG40hIA0z1wvRdZayvoizA4wcK1dg=="
      },
      "WPFLocalizeExtension": {
        "type": "Direct",
        "requested": "[3.8.0, )",
        "resolved": "3.8.0",
        "contentHash": "WJ6ciJOHVp+WcRwjInIZe6z8eKeeNahGBRNxWL/DlDdiGcYuwd52shb+mlLf7QLjugWJG14T5ehmrPcOWZzpkw==",
        "dependencies": {
          "XAMLMarkupExtensions": "2.0.0"
        }
      },
      "AsyncAwaitBestPractices": {
        "type": "Transitive",
        "resolved": "5.0.2",
        "contentHash": "+RV2NTPnqU0u0YShu8f4KtI+DPgd1ntnMJPX7GN1EhYYRnObV1A5LnDv9l6/FcQZeAcdZxjKagPCD/cRdZyKLQ==",
        "dependencies": {
          "System.Reflection.Emit.Lightweight": "4.7.0",
          "System.Threading.Tasks.Extensions": "4.5.4"
        }
      },
      "fernandreu.ScintillaNET": {
        "type": "Transitive",
        "resolved": "4.0.4",
        "contentHash": "UpnuIthh+VQiPBGAkrwLe8t1oG+ciL0j1FlZlkCYJ6Hz0MHG6BJQCcVIGzOoecdpnYqUCnj6CrZWnYZNL9hmPg=="
      },
      "Microsoft.Bcl.AsyncInterfaces": {
        "type": "Transitive",
        "resolved": "1.1.0",
        "contentHash": "1Am6l4Vpn3/K32daEqZI+FFr96OlZkgwK2LcT3pZ2zWubR5zTPW3/FkO1Rat9kb7oQOa4rxgl9LJHc5tspCWfg==",
        "dependencies": {
          "System.Threading.Tasks.Extensions": "4.5.2"
        }
      },
      "Microsoft.CodeAnalysis.VersionCheckAnalyzer": {
        "type": "Transitive",
        "resolved": "3.3.1",
        "contentHash": "ZUMf70abtWvwevkLFOlEHDck81oZCsi9jBHODDSSH2YPQdtCKzeQfaWWnAmn2ii7N3Q2V2arOj4Mu8ZTTSs3PA=="
      },
      "Microsoft.CodeQuality.Analyzers": {
        "type": "Transitive",
        "resolved": "3.3.1",
        "contentHash": "h6o+zBUf47OFarRQn6LjwUNFvRUyUWLWcnunw6vLCxSDBmgPDQCsrsWpEtMz/+NKBvOeikVJobscarx3Wgtbiw=="
      },
      "Microsoft.NetCore.Analyzers": {
        "type": "Transitive",
        "resolved": "3.3.1",
        "contentHash": "8Ez3EImhFioAsB4bR2bBLA3Pkcz8K/VI6jPdnm98nLu+rodZU8s8QRjRnkrQEnC6VcVAVZJ8W7DL9yrfDsgjqQ=="
      },
      "Microsoft.NetFramework.Analyzers": {
        "type": "Transitive",
        "resolved": "3.3.1",
        "contentHash": "EI5Afqt03Kq4Wy5Ot6nGvnwunisM9ORi5L9fteCCOK1Wh283wAhM1dIOWOsBN3jlFbw1VTeVPR8oPz9J9xlHLw=="
      },
      "System.Buffers": {
        "type": "Transitive",
        "resolved": "4.5.1",
        "contentHash": "Rw7ijyl1qqRS0YQD/WycNst8hUUMgrMH4FCn1nNm27M4VxchZ1js3fVjQaANHO5f3sN4isvP4a+Met9Y4YomAg=="
      },
      "System.Diagnostics.DiagnosticSource": {
        "type": "Transitive",
        "resolved": "4.7.1",
        "contentHash": "j81Lovt90PDAq8kLpaJfJKV/rWdWuEk6jfV+MBkee33vzYLEUsy4gXK8laa9V2nZlLM9VM9yA/OOQxxPEJKAMw==",
        "dependencies": {
          "System.Memory": "4.5.4"
        }
      },
      "System.Memory": {
        "type": "Transitive",
        "resolved": "4.5.4",
        "contentHash": "1MbJTHS1lZ4bS4FmsJjnuGJOu88ZzTT2rLvrhW7Ygic+pC0NWA+3hgAen0HRdsocuQXCkUTdFn9yHJJhsijDXw==",
        "dependencies": {
          "System.Buffers": "4.5.1",
          "System.Numerics.Vectors": "4.5.0",
          "System.Runtime.CompilerServices.Unsafe": "4.5.3"
        }
      },
      "System.Numerics.Vectors": {
        "type": "Transitive",
        "resolved": "4.5.0",
        "contentHash": "QQTlPTl06J/iiDbJCiepZ4H//BVraReU4O4EoRw1U02H5TLUIT7xn3GnDp9AXPSlJUDyFs4uWjWafNX6WrAojQ=="
      },
      "System.Reflection.Emit.Lightweight": {
        "type": "Transitive",
        "resolved": "4.7.0",
        "contentHash": "a4OLB4IITxAXJeV74MDx49Oq2+PsF6Sml54XAFv+2RyWwtDBcabzoxiiJRhdhx+gaohLh4hEGCLQyBozXoQPqA=="
      },
      "System.Runtime.CompilerServices.Unsafe": {
        "type": "Transitive",
        "resolved": "4.5.3",
        "contentHash": "3TIsJhD1EiiT0w2CcDMN/iSSwnNnsrnbzeVHSKkaEgV85txMprmuO+Yq2AdSbeVGcg28pdNDTPK87tJhX7VFHw=="
      },
      "System.Threading.Tasks.Extensions": {
        "type": "Transitive",
        "resolved": "4.5.4",
        "contentHash": "zteT+G8xuGu6mS+mzDzYXbzS7rd3K6Fjb9RiZlYlJPam2/hU7JCBZBVEcywNuR+oZ1ncTvc/cq0faRr3P01OVg==",
        "dependencies": {
          "System.Runtime.CompilerServices.Unsafe": "4.5.3"
        }
      },
      "XAMLMarkupExtensions": {
        "type": "Transitive",
        "resolved": "2.0.0",
        "contentHash": "lf2OKHcoLWEmLy4WxI4D6IrAv5xCwGLMnrjTQWGPaxUYMdd9/oA4HaE7sX2QIZefruth+sJi0+nzg4dDEILPOQ=="
      }
    },
    ".NETFramework,Version=v4.6.1/win7-x86": {
      "fernandreu.ScintillaNET": {
        "type": "Transitive",
        "resolved": "4.0.4",
        "contentHash": "UpnuIthh+VQiPBGAkrwLe8t1oG+ciL0j1FlZlkCYJ6Hz0MHG6BJQCcVIGzOoecdpnYqUCnj6CrZWnYZNL9hmPg=="
      }
    },
    ".NETCoreApp,Version=v5.0": {
      "AsyncAwaitBestPractices.MVVM": {
        "type": "Direct",
        "requested": "[5.0.2, )",
        "resolved": "5.0.2",
        "contentHash": "ehFON0Pk/9qrLp41dWv2CiefbOxyQxtTkpRSkd5SMvEBryW6ET6wRMz0ZVmjdgq/wBFiithGWmoFtNIpcQxq+w==",
        "dependencies": {
          "AsyncAwaitBestPractices": "5.0.2"
        }
      },
      "Autofac": {
        "type": "Direct",
        "requested": "[6.0.0, )",
        "resolved": "6.0.0",
        "contentHash": "tRVRXGxwXbQmPy1ZGso115O55ffVW4mWtufjOy7hduQ1BNVR1j7RQQjxpYuB6tJw5OrgqRWYVJLJ8RwYNz/j+A==",
        "dependencies": {
          "System.Diagnostics.DiagnosticSource": "4.7.1"
        }
      },
      "CommonServiceLocator": {
        "type": "Direct",
        "requested": "[2.0.5, )",
        "resolved": "2.0.5",
        "contentHash": "Md2q9f6hAuUAm6IWTybQbYvxhDAs2dqmsudVDghpg0Q+C0M2KkmiTDjeGx1PsYhnZPvp+hy1Cx99v0VPW9W6/g=="
      },
      "Dragablz": {
        "type": "Direct",
        "requested": "[0.0.3.223, )",
        "resolved": "0.0.3.223",
        "contentHash": "nSDrLkQniVmvCvg4JlbtMYBD3UtHbJkX64vJ701TZT+IfOqfEA7cQU5da5NqACY9GuwK7R6VbtPp4WGZK1uTaQ=="
      },
      "Extended.Wpf.Toolkit": {
        "type": "Direct",
        "requested": "[4.0.1, )",
        "resolved": "4.0.1",
        "contentHash": "K8BoXvwokEJTiVkOH4L8FGeWaT0TptzgXJsFI/FlfPA1TSzhgNcrHJtxDFecAYwHNU3wnUjSGZ/YMq5gR5TGag=="
      },
      "fernandreu.ScintillaNET.WPF": {
        "type": "Direct",
        "requested": "[3.0.2, )",
        "resolved": "3.0.2",
        "contentHash": "L9eqTkAm98qZYyB7+mVEdFeJnii7jwaC8fu8C5Tpx3pQ5kfvuESzWJLFsMc4mPNi6amkjon90xmR2cRql6xD5g==",
        "dependencies": {
          "fernandreu.ScintillaNET": "4.0.4"
        }
      },
      "log4net": {
        "type": "Direct",
        "requested": "[2.0.12, )",
        "resolved": "2.0.12",
        "contentHash": "9P67BCftJ7KG+B7rNOM1A9KczUwyEDed6zbAddy5Cj/73xVkzi+rEAHeOgUnW5wDqy1JFlY8+oTP0m1PgJ03Tg==",
        "dependencies": {
          "System.Configuration.ConfigurationManager": "4.5.0"
        }
      },
      "Microsoft.CodeAnalysis.FxCopAnalyzers": {
        "type": "Direct",
        "requested": "[3.3.1, )",
        "resolved": "3.3.1",
        "contentHash": "O6L7wOD6dmytWZr4ulw6wLYk8QmsO/TlBHyWOB2OQKnUm31JGOXEncJjVm8Fw24BDzP22wfsleWFidiNU/DIsA==",
        "dependencies": {
          "Microsoft.CodeAnalysis.VersionCheckAnalyzer": "[3.3.1]",
          "Microsoft.CodeQuality.Analyzers": "[3.3.1]",
          "Microsoft.NetCore.Analyzers": "[3.3.1]",
          "Microsoft.NetFramework.Analyzers": "[3.3.1]"
        }
      },
      "MvvmLightLibs": {
        "type": "Direct",
        "requested": "[5.4.1.1, )",
        "resolved": "5.4.1.1",
        "contentHash": "xYpVzOYnIz/M6T0pdc3w5t0vrt2ZKspSS+CZjQ+pZE+5yHv9qXSWkncHJXb6D7Egstalso4ivnIUkA1xEClViw=="
      },
      "System.Resources.Extensions": {
        "type": "Direct",
        "requested": "[5.0.0, )",
        "resolved": "5.0.0",
        "contentHash": "KBiqY/+W6hWVwucHBHO76JkgBGyawlxCcP946MhK8dNjalaBgZkyHaux8ko58PENTqQHHjoDa7cfIkAchfJPPA=="
      },
      "System.Windows.Interactivity.WPF": {
        "type": "Direct",
        "requested": "[2.0.20525, )",
        "resolved": "2.0.20525",
        "contentHash": "0r+Le4E7hCm4zToUvBzjSUyTcuU3rFeoPa7JyTdWIzR/F7wH6+O/pWkjHIG40hIA0z1wvRdZayvoizA4wcK1dg=="
      },
      "WPFLocalizeExtension": {
        "type": "Direct",
        "requested": "[3.8.0, )",
        "resolved": "3.8.0",
        "contentHash": "WJ6ciJOHVp+WcRwjInIZe6z8eKeeNahGBRNxWL/DlDdiGcYuwd52shb+mlLf7QLjugWJG14T5ehmrPcOWZzpkw==",
        "dependencies": {
          "System.Drawing.Common": "4.7.0",
          "System.Management": "4.7.0",
          "XAMLMarkupExtensions": "2.0.0"
        }
      },
      "AsyncAwaitBestPractices": {
        "type": "Transitive",
        "resolved": "5.0.2",
        "contentHash": "+RV2NTPnqU0u0YShu8f4KtI+DPgd1ntnMJPX7GN1EhYYRnObV1A5LnDv9l6/FcQZeAcdZxjKagPCD/cRdZyKLQ=="
      },
      "fernandreu.ScintillaNET": {
        "type": "Transitive",
        "resolved": "4.0.4",
        "contentHash": "UpnuIthh+VQiPBGAkrwLe8t1oG+ciL0j1FlZlkCYJ6Hz0MHG6BJQCcVIGzOoecdpnYqUCnj6CrZWnYZNL9hmPg=="
      },
      "Microsoft.CodeAnalysis.VersionCheckAnalyzer": {
        "type": "Transitive",
        "resolved": "3.3.1",
        "contentHash": "ZUMf70abtWvwevkLFOlEHDck81oZCsi9jBHODDSSH2YPQdtCKzeQfaWWnAmn2ii7N3Q2V2arOj4Mu8ZTTSs3PA=="
      },
      "Microsoft.CodeQuality.Analyzers": {
        "type": "Transitive",
        "resolved": "3.3.1",
        "contentHash": "h6o+zBUf47OFarRQn6LjwUNFvRUyUWLWcnunw6vLCxSDBmgPDQCsrsWpEtMz/+NKBvOeikVJobscarx3Wgtbiw=="
      },
      "Microsoft.NetCore.Analyzers": {
        "type": "Transitive",
        "resolved": "3.3.1",
        "contentHash": "8Ez3EImhFioAsB4bR2bBLA3Pkcz8K/VI6jPdnm98nLu+rodZU8s8QRjRnkrQEnC6VcVAVZJ8W7DL9yrfDsgjqQ=="
      },
      "Microsoft.NETCore.Platforms": {
        "type": "Transitive",
        "resolved": "3.1.0",
        "contentHash": "z7aeg8oHln2CuNulfhiLYxCVMPEwBl3rzicjvIX+4sUuCwvXw5oXQEtbiU2c0z4qYL5L3Kmx0mMA/+t/SbY67w=="
      },
      "Microsoft.NetFramework.Analyzers": {
        "type": "Transitive",
        "resolved": "3.3.1",
        "contentHash": "EI5Afqt03Kq4Wy5Ot6nGvnwunisM9ORi5L9fteCCOK1Wh283wAhM1dIOWOsBN3jlFbw1VTeVPR8oPz9J9xlHLw=="
      },
      "Microsoft.Win32.Registry": {
        "type": "Transitive",
        "resolved": "4.7.0",
        "contentHash": "KSrRMb5vNi0CWSGG1++id2ZOs/1QhRqROt+qgbEAdQuGjGrFcl4AOl4/exGPUYz2wUnU42nvJqon1T3U0kPXLA==",
        "dependencies": {
          "System.Security.AccessControl": "4.7.0",
          "System.Security.Principal.Windows": "4.7.0"
        }
      },
      "Microsoft.Win32.SystemEvents": {
        "type": "Transitive",
        "resolved": "4.7.0",
        "contentHash": "mtVirZr++rq+XCDITMUdnETD59XoeMxSpLRIII7JRI6Yj0LEDiO1pPn0ktlnIj12Ix8bfvQqQDMMIF9wC98oCA==",
        "dependencies": {
          "Microsoft.NETCore.Platforms": "3.1.0"
        }
      },
      "System.CodeDom": {
        "type": "Transitive",
        "resolved": "4.7.0",
        "contentHash": "Hs9pw/kmvH3lXaZ1LFKj3pLQsiGfj2xo3sxSzwiLlRL6UcMZUTeCfoJ9Udalvn3yq5dLlPEZzYegrTQ1/LhPOQ=="
      },
      "System.Configuration.ConfigurationManager": {
        "type": "Transitive",
        "resolved": "4.5.0",
        "contentHash": "UIFvaFfuKhLr9u5tWMxmVoDPkFeD+Qv8gUuap4aZgVGYSYMdERck4OhLN/2gulAc0nYTEigWXSJNNWshrmxnng==",
        "dependencies": {
          "System.Security.Cryptography.ProtectedData": "4.5.0",
          "System.Security.Permissions": "4.5.0"
        }
      },
      "System.Diagnostics.DiagnosticSource": {
        "type": "Transitive",
        "resolved": "4.7.1",
        "contentHash": "j81Lovt90PDAq8kLpaJfJKV/rWdWuEk6jfV+MBkee33vzYLEUsy4gXK8laa9V2nZlLM9VM9yA/OOQxxPEJKAMw=="
      },
      "System.Drawing.Common": {
        "type": "Transitive",
        "resolved": "4.7.0",
        "contentHash": "v+XbyYHaZjDfn0ENmJEV1VYLgGgCTx1gnfOBcppowbpOAriglYgGCvFCPr2EEZyBvXlpxbEsTwkOlInl107ahA==",
        "dependencies": {
          "Microsoft.NETCore.Platforms": "3.1.0",
          "Microsoft.Win32.SystemEvents": "4.7.0"
        }
      },
      "System.Management": {
        "type": "Transitive",
        "resolved": "4.7.0",
        "contentHash": "IY+uuGhgzWiCg21i8IvQeY/Z7m1tX8VuPF+ludfn7iTCaccTtJo5HkjZbBEL8kbBubKhAKKtNXr7uMtmAc28Pw==",
        "dependencies": {
          "Microsoft.NETCore.Platforms": "3.1.0",
          "Microsoft.Win32.Registry": "4.7.0",
          "System.CodeDom": "4.7.0"
        }
      },
      "System.Security.AccessControl": {
        "type": "Transitive",
        "resolved": "4.7.0",
        "contentHash": "JECvTt5aFF3WT3gHpfofL2MNNP6v84sxtXxpqhLBCcDRzqsPBmHhQ6shv4DwwN2tRlzsUxtb3G9M3763rbXKDg==",
        "dependencies": {
          "Microsoft.NETCore.Platforms": "3.1.0",
          "System.Security.Principal.Windows": "4.7.0"
        }
      },
      "System.Security.Cryptography.ProtectedData": {
        "type": "Transitive",
        "resolved": "4.5.0",
        "contentHash": "wLBKzFnDCxP12VL9ANydSYhk59fC4cvOr9ypYQLPnAj48NQIhqnjdD2yhP8yEKyBJEjERWS9DisKL7rX5eU25Q=="
      },
      "System.Security.Permissions": {
        "type": "Transitive",
        "resolved": "4.5.0",
        "contentHash": "9gdyuARhUR7H+p5CjyUB/zPk7/Xut3wUSP8NJQB6iZr8L3XUXTMdoLeVAg9N4rqF8oIpE7MpdqHdDHQ7XgJe0g==",
        "dependencies": {
          "System.Security.AccessControl": "4.5.0"
        }
      },
      "System.Security.Principal.Windows": {
        "type": "Transitive",
        "resolved": "4.7.0",
        "contentHash": "ojD0PX0XhneCsUbAZVKdb7h/70vyYMDYs85lwEI+LngEONe/17A0cFaRFqZU+sOEidcVswYWikYOQ9PPfjlbtQ=="
      },
      "XAMLMarkupExtensions": {
        "type": "Transitive",
        "resolved": "2.0.0",
        "contentHash": "lf2OKHcoLWEmLy4WxI4D6IrAv5xCwGLMnrjTQWGPaxUYMdd9/oA4HaE7sX2QIZefruth+sJi0+nzg4dDEILPOQ=="
      }
    },
    ".NETCoreApp,Version=v5.0/win7-x86": {
      "fernandreu.ScintillaNET": {
        "type": "Transitive",
        "resolved": "4.0.4",
        "contentHash": "UpnuIthh+VQiPBGAkrwLe8t1oG+ciL0j1FlZlkCYJ6Hz0MHG6BJQCcVIGzOoecdpnYqUCnj6CrZWnYZNL9hmPg=="
      },
      "Microsoft.Win32.Registry": {
        "type": "Transitive",
        "resolved": "4.7.0",
        "contentHash": "KSrRMb5vNi0CWSGG1++id2ZOs/1QhRqROt+qgbEAdQuGjGrFcl4AOl4/exGPUYz2wUnU42nvJqon1T3U0kPXLA==",
        "dependencies": {
          "System.Security.AccessControl": "4.7.0",
          "System.Security.Principal.Windows": "4.7.0"
        }
      },
      "Microsoft.Win32.SystemEvents": {
        "type": "Transitive",
        "resolved": "4.7.0",
        "contentHash": "mtVirZr++rq+XCDITMUdnETD59XoeMxSpLRIII7JRI6Yj0LEDiO1pPn0ktlnIj12Ix8bfvQqQDMMIF9wC98oCA==",
        "dependencies": {
          "Microsoft.NETCore.Platforms": "3.1.0"
        }
      },
      "System.Drawing.Common": {
        "type": "Transitive",
        "resolved": "4.7.0",
        "contentHash": "v+XbyYHaZjDfn0ENmJEV1VYLgGgCTx1gnfOBcppowbpOAriglYgGCvFCPr2EEZyBvXlpxbEsTwkOlInl107ahA==",
        "dependencies": {
          "Microsoft.NETCore.Platforms": "3.1.0",
          "Microsoft.Win32.SystemEvents": "4.7.0"
        }
      },
      "System.Management": {
        "type": "Transitive",
        "resolved": "4.7.0",
        "contentHash": "IY+uuGhgzWiCg21i8IvQeY/Z7m1tX8VuPF+ludfn7iTCaccTtJo5HkjZbBEL8kbBubKhAKKtNXr7uMtmAc28Pw==",
        "dependencies": {
          "Microsoft.NETCore.Platforms": "3.1.0",
          "Microsoft.Win32.Registry": "4.7.0",
          "System.CodeDom": "4.7.0"
        }
      },
      "System.Security.AccessControl": {
        "type": "Transitive",
        "resolved": "4.7.0",
        "contentHash": "JECvTt5aFF3WT3gHpfofL2MNNP6v84sxtXxpqhLBCcDRzqsPBmHhQ6shv4DwwN2tRlzsUxtb3G9M3763rbXKDg==",
        "dependencies": {
          "Microsoft.NETCore.Platforms": "3.1.0",
          "System.Security.Principal.Windows": "4.7.0"
        }
      },
      "System.Security.Cryptography.ProtectedData": {
        "type": "Transitive",
        "resolved": "4.5.0",
        "contentHash": "wLBKzFnDCxP12VL9ANydSYhk59fC4cvOr9ypYQLPnAj48NQIhqnjdD2yhP8yEKyBJEjERWS9DisKL7rX5eU25Q=="
      },
      "System.Security.Principal.Windows": {
        "type": "Transitive",
        "resolved": "4.7.0",
        "contentHash": "ojD0PX0XhneCsUbAZVKdb7h/70vyYMDYs85lwEI+LngEONe/17A0cFaRFqZU+sOEidcVswYWikYOQ9PPfjlbtQ=="
      }
    }
  }
}